
Microsoft Visual Studio Solution File, Format Version 12.00
# Visual Studio 2013
VisualStudioVersion = 12.0.21005.1
MinimumVisualStudioVersion = 10.0.40219.1
Project("{FAE04EC0-301F-11D3-BF4B-00C04F79EFBC}") = "CSharp.Web", "CSharp.Web\CSharp.Web.csproj", "{B79CFD20-7347-4BAE-83F7-0BB4AE821656}"
EndProject
Project("{FAE04EC0-301F-11D3-BF4B-00C04F79EFBC}") = "CSharp.LibrayDataBase", "CSharp.LibrayDataBase\CSharp.LibrayDataBase.csproj", "{A1C8172C-A123-426D-BAE8-A2EF3E13364D}"
EndProject
Project("{FAE04EC0-301F-11D3-BF4B-00C04F79EFBC}") = "CSharp.LibrayFunction", "CSharp.LibrayFunction\CSharp.LibrayFunction.csproj", "{DFFF7D60-D1D5-49D4-8A0E-C9A5D2DBF393}"
EndProject
Project("{FAE04EC0-301F-11D3-BF4B-00C04F79EFBC}") = "CSharp.WebPageTemp", "CSharp.WebPageTemp\CSharp.WebPageTemp.csproj", "{C19FFA43-75AB-4BC2-ABBC-C8CAC5DD8973}"
EndProject
Project("{FAE04EC0-301F-11D3-BF4B-00C04F79EFBC}") = "CSharp.ConsoleProgram", "CSharp.ConsoleProgram\CSharp.ConsoleProgram.csproj", "{CD303BC6-59BE-485C-B9AF-BBD4D9938B53}"
EndProject
Project("{FAE04EC0-301F-11D3-BF4B-00C04F79EFBC}") = "CSharp.SystemService", "CSharp.SystemService\CSharp.SystemService.csproj", "{4365AB63-A3CD-4CC9-805E-07FC2A470163}"
EndProject
Project("{FAE04EC0-301F-11D3-BF4B-00C04F79EFBC}") = "CSharp.ApplicationData", "CSharp.ApplicationData\CSharp.ApplicationData.csproj", "{BE14B230-D20B-49FC-AAF2-584D20A8D53D}"
EndProject
Global
	GlobalSection(SolutionConfigurationPlatforms) = preSolution
		Debug|Any CPU = Debug|Any CPU
		Release|Any CPU = Release|Any CPU
	EndGlobalSection
	GlobalSection(ProjectConfigurationPlatforms) = postSolution
		{B79CFD20-7347-4BAE-83F7-0BB4AE821656}.Debug|Any CPU.ActiveCfg = Debug|Any CPU
		{B79CFD20-7347-4BAE-83F7-0BB4AE821656}.Debug|Any CPU.Build.0 = Debug|Any CPU
		{B79CFD20-7347-4BAE-83F7-0BB4AE821656}.Release|Any CPU.ActiveCfg = Release|Any CPU
		{B79CFD20-7347-4BAE-83F7-0BB4AE821656}.Release|Any CPU.Build.0 = Release|Any CPU
		{A1C8172C-A123-426D-BAE8-A2EF3E13364D}.Debug|Any CPU.ActiveCfg = Debug|Any CPU
		{A1C8172C-A123-426D-BAE8-A2EF3E13364D}.Debug|Any CPU.Build.0 = Debug|Any CPU
		{A1C8172C-A123-426D-BAE8-A2EF3E13364D}.Release|Any CPU.ActiveCfg = Release|Any CPU
		{A1C8172C-A123-426D-BAE8-A2EF3E13364D}.Release|Any CPU.Build.0 = Release|Any CPU
		{DFFF7D60-D1D5-49D4-8A0E-C9A5D2DBF393}.Debug|Any CPU.ActiveCfg = Debug|Any CPU
		{DFFF7D60-D1D5-49D4-8A0E-C9A5D2DBF393}.Debug|Any CPU.Build.0 = Debug|Any CPU
		{DFFF7D60-D1D5-49D4-8A0E-C9A5D2DBF393}.Release|Any CPU.ActiveCfg = Release|Any CPU
		{DFFF7D60-D1D5-49D4-8A0E-C9A5D2DBF393}.Release|Any CPU.Build.0 = Release|Any CPU
		{C19FFA43-75AB-4BC2-ABBC-C8CAC5DD8973}.Debug|Any CPU.ActiveCfg = Debug|Any CPU
		{C19FFA43-75AB-4BC2-ABBC-C8CAC5DD8973}.Debug|Any CPU.Build.0 = Debug|Any CPU
		{C19FFA43-75AB-4BC2-ABBC-C8CAC5DD8973}.Release|Any CPU.ActiveCfg = Release|Any CPU
		{C19FFA43-75AB-4BC2-ABBC-C8CAC5DD8973}.Release|Any CPU.Build.0 = Release|Any CPU
		{CD303BC6-59BE-485C-B9AF-BBD4D9938B53}.Debug|Any CPU.ActiveCfg = Debug|Any CPU
		{CD303BC6-59BE-485C-B9AF-BBD4D9938B53}.Debug|Any CPU.Build.0 = Debug|Any CPU
		{CD303BC6-59BE-485C-B9AF-BBD4D9938B53}.Release|Any CPU.ActiveCfg = Release|Any CPU
		{CD303BC6-59BE-485C-B9AF-BBD4D9938B53}.Release|Any CPU.Build.0 = Release|Any CPU
		{4365AB63-A3CD-4CC9-805E-07FC2A470163}.Debug|Any CPU.ActiveCfg = Debug|Any CPU
		{4365AB63-A3CD-4CC9-805E-07FC2A470163}.Debug|Any CPU.Build.0 = Debug|Any CPU
		{4365AB63-A3CD-4CC9-805E-07FC2A470163}.Release|Any CPU.ActiveCfg = Release|Any CPU
		{4365AB63-A3CD-4CC9-805E-07FC2A470163}.Release|Any CPU.Build.0 = Release|Any CPU
		{BE14B230-D20B-49FC-AAF2-584D20A8D53D}.Debug|Any CPU.ActiveCfg = Debug|Any CPU
		{BE14B230-D20B-49FC-AAF2-584D20A8D53D}.Debug|Any CPU.Build.0 = Debug|Any CPU
		{BE14B230-D20B-49FC-AAF2-584D20A8D53D}.Release|Any CPU.ActiveCfg = Release|Any CPU
		{BE14B230-D20B-49FC-AAF2-584D20A8D53D}.Release|Any CPU.Build.0 = Release|Any CPU
	EndGlobalSection
	GlobalSection(SolutionProperties) = preSolution
		HideSolutionNode = FALSE
	EndGlobalSection
EndGlobal
